{
  "name": "demo",
  "version": "1.0.0",
  "lockfileVersion": 2,
  "requires": true,
  "packages": {
    "": {
      "name": "demo",
      "version": "1.0.0",
      "license": "ISC",
      "dependencies": {
        "wxminishareddata": "^2.0.1"
      }
    },
    "node_modules/wxminishareddata": {
      "version": "2.0.1",
      "resolved": "https://registry.npmjs.org/wxminishareddata/-/wxminishareddata-2.0.1.tgz",
      "integrity": "sha512-vMDZhvfKQMY3zvstbRzmDRQeF9IYcPdhfd3//WwAsPQcbpUo1t59Bp7/kiyR39ENTtveXhsqk40/KD2DggiOBA==",
      "dependencies": {
        "wxminishareddata": "^1.0.0"
      }
    },
    "node_modules/wxminishareddata/node_modules/wxminishareddata": {
      "version": "1.0.1",
      "resolved": "https://registry.npmjs.org/wxminishareddata/-/wxminishareddata-1.0.1.tgz",
      "integrity": "sha512-PceAeAPioOsrWggtmWzJLImzFLAuh/cVruP5daAWD4wC8H6a/mrowLwyo+7vT+Hgvhq69yizdxLyfbc8gWOPMg==",
      "dependencies": {
        "wxminishareddata": "^1.0.0"
      }
    }
  },
  "dependencies": {
    "wxminishareddata": {
      "version": "2.0.1",
      "resolved": "https://registry.npmjs.org/wxminishareddata/-/wxminishareddata-2.0.1.tgz",
      "integrity": "sha512-vMDZhvfKQMY3zvstbRzmDRQeF9IYcPdhfd3//WwAsPQcbpUo1t59Bp7/kiyR39ENTtveXhsqk40/KD2DggiOBA==",
      "requires": {
        "wxminishareddata": "^1.0.0"
      },
      "dependencies": {
        "wxminishareddata": {
          "version": "1.0.1",
          "resolved": "https://registry.npmjs.org/wxminishareddata/-/wxminishareddata-1.0.1.tgz",
          "integrity": "sha512-PceAeAPioOsrWggtmWzJLImzFLAuh/cVruP5daAWD4wC8H6a/mrowLwyo+7vT+Hgvhq69yizdxLyfbc8gWOPMg==",
          "requires": {
            "wxminishareddata": "^1.0.0"
          }
        }
      }
    }
  }
}
